{
  "originHash" : "38a4602a7e56026ed143a8daefacfebc480936292022cf8588cabeca2c3b4b47",
  "pins" : [
    {
      "identity" : "crossplatformkit",
      "kind" : "remoteSourceControl",
      "location" : "https://github.com/ios-tooling/CrossPlatformKit",
      "state" : {
        "revision" : "c5700b083674d8940315c80c50ac18b729cc84d1",
        "version" : "1.1.0"
      }
    },
    {
      "identity" : "suite",
      "kind" : "remoteSourceControl",
      "location" : "https://github.com/ios-tooling/Suite",
      "state" : {
        "revision" : "9b1d6a5aa1dfe34386bfffce9035f867ef9bf1f7",
        "version" : "1.3.1"
      }
    },
    {
      "identity" : "swift-syntax",
      "kind" : "remoteSourceControl",
      "location" : "https://github.com/apple/swift-syntax",
      "state" : {
        "revision" : "4799286537280063c85a32f09884cfbca301b1a1",
        "version" : "602.0.0"
      }
    }
  ],
  "version" : 3
}
